# THIS IS AN AUTOGENERATED FILE. DO NOT EDIT THIS FILE DIRECTLY.
# yarn lockfile v1


"@codexteam/icons@^0.0.4":
  version "0.0.4"
  resolved "https://registry.npmjs.org/@codexteam/icons/-/icons-0.0.4.tgz"
  integrity sha512-V8N/TY2TGyas4wLrPIFq7bcow68b3gu8DfDt1+rrHPtXxcexadKauRJL6eQgfG7Z0LCrN4boLRawR4S9gjIh/Q==

"@esbuild/android-arm@0.18.20":
  version "0.18.20"
  resolved "https://registry.npmjs.org/@esbuild/android-arm/-/android-arm-0.18.20.tgz"
  integrity sha512-fyi7TDI/ijKKNZTUJAQqiG5T7YjJXgnzkURqmGj13C6dCqckZBLdl4h7bkhHt/t0WP+zO9/zwroDvANaOqO5Sw==

esbuild@^0.18.10:
  version "0.18.20"
  resolved "https://registry.npmjs.org/esbuild/-/esbuild-0.18.20.tgz"
  integrity sha512-ceqxoedUrcayh7Y7ZX6NdbbDzGROiyVBgC4PriJThBKSVPWnnFHZAkfI1lJT8QFkOwH4qOS2SJkS4wvpGl8BpA==
  optionalDependencies:
    "@esbuild/android-arm" "0.18.20"
    "@esbuild/android-arm64" "0.18.20"
    "@esbuild/android-x64" "0.18.20"
    "@esbuild/darwin-arm64" "0.18.20"
    "@esbuild/darwin-x64" "0.18.20"
    "@esbuild/freebsd-arm64" "0.18.20"
    "@esbuild/freebsd-x64" "0.18.20"
    "@esbuild/linux-arm" "0.18.20"
    "@esbuild/linux-arm64" "0.18.20"
    "@esbuild/linux-ia32" "0.18.20"
    "@esbuild/linux-loong64" "0.18.20"
    "@esbuild/linux-mips64el" "0.18.20"
    "@esbuild/linux-ppc64" "0.18.20"
    "@esbuild/linux-riscv64" "0.18.20"
    "@esbuild/linux-s390x" "0.18.20"
    "@esbuild/linux-x64" "0.18.20"
    "@esbuild/netbsd-x64" "0.18.20"
    "@esbuild/openbsd-x64" "0.18.20"
    "@esbuild/sunos-x64" "0.18.20"
    "@esbuild/win32-arm64" "0.18.20"
    "@esbuild/win32-ia32" "0.18.20"
    "@esbuild/win32-x64" "0.18.20"

nanoid@^3.3.6:
  version "3.3.6"
  resolved "https://registry.npmjs.org/nanoid/-/nanoid-3.3.6.tgz"
  integrity sha512-BGcqMMJuToF7i1rt+2PWSNVnWIkGCU78jBG3RxO/bZlnZPK2Cmi2QaffxGO/2RvWi9sL+FAiRiXMgsyxQ1DIDA==

picocolors@^1.0.0:
  version "1.0.0"
  resolved "https://registry.npmjs.org/picocolors/-/picocolors-1.0.0.tgz"
  integrity sha512-1fygroTLlHu66zi26VoTDv8yRgm0Fccecssto+MhsZ0D/DGW2sm8E8AjW7NU5VVTRt5GxbeZ5qBuJr+HyLYkjQ==

postcss@^8.4.27:
  version "8.4.31"
  resolved "https://registry.npmjs.org/postcss/-/postcss-8.4.31.tgz"
  integrity sha512-PS08Iboia9mts/2ygV3eLpY5ghnUcfLV/EXTOW1E2qYxJKGGBUtNjN76FYHnMs36RmARn41bC0AZmn+rR0OVpQ==
  dependencies:
    nanoid "^3.3.6"
    picocolors "^1.0.0"
    source-map-js "^1.0.2"

rollup@^3.27.1:
  version "3.29.4"
  resolved "https://registry.npmjs.org/rollup/-/rollup-3.29.4.tgz"
  integrity sha512-oWzmBZwvYrU0iJHtDmhsm662rC15FRXmcjCk1xD771dFDx5jJ02ufAQQTn0etB2emNk4J9EZg/yWKpsn9BWGRw==
  optionalDependencies:
    fsevents "~2.3.2"

source-map-js@^1.0.2:
  version "1.0.2"
  resolved "https://registry.npmjs.org/source-map-js/-/source-map-js-1.0.2.tgz"
  integrity sha512-R0XvVJ9WusLiqTCEiGCmICCMplcCkIwwR11mOSD9CR5u+IXYdiseeEuXCVAjS54zqwkLcPNnmU4OeJ6tUrWhDw==

typescript@^5.3.3:
  version "5.3.3"
  resolved "https://registry.npmjs.org/typescript/-/typescript-5.3.3.tgz"
  integrity sha512-pXWcraxM0uxAS+tN0AG/BF2TyqmHO014Z070UsJ+pFvYuRSq8KH8DmWpnbXe0pEPDHXZV3FcAbJkijJ5oNEnWw==

vite-plugin-css-injected-by-js@^3.3.0:
  version "3.3.0"
  resolved "https://registry.npmjs.org/vite-plugin-css-injected-by-js/-/vite-plugin-css-injected-by-js-3.3.0.tgz"
  integrity sha512-xG+jyHNCmUqi/TXp6q88wTJGeAOrNLSyUUTp4qEQ9QZLGcHWQQsCsSSKa59rPMQr8sOzfzmWDd8enGqfH/dBew==

vite@^4.4.11, vite@>2.0.0-0:
  version "4.4.11"
  resolved "https://registry.npmjs.org/vite/-/vite-4.4.11.tgz"
  integrity sha512-ksNZJlkcU9b0lBwAGZGGaZHCMqHsc8OpgtoYhsQ4/I2v5cnpmmmqe5pM4nv/4Hn6G/2GhTdj0DhZh2e+Er1q5A==
  dependencies:
    esbuild "^0.18.10"
    postcss "^8.4.27"
    rollup "^3.27.1"
  optionalDependencies:
    fsevents "~2.3.2"
